
Microsoft Visual Studio Solution File, Format Version 12.00
# Visual Studio Version 17
VisualStudioVersion = 17.9.34607.119
MinimumVisualStudioVersion = 10.0.40219.1
Project("{FAE04EC0-301F-11D3-BF4B-00C04F79EFBC}") = "MyPrismApp", "MyPrismApp\MyPrismApp.csproj", "{5D173AFB-35AF-4367-B2DA-3FE70CBFFD5B}"
EndProject
Project("{FAE04EC0-301F-11D3-BF4B-00C04F79EFBC}") = "ModuleA", "ModuleA\ModuleA.csproj", "{6C0CD9D0-6D8A-4446-B36A-5874149BE772}"
EndProject
Global
	GlobalSection(SolutionConfigurationPlatforms) = preSolution
		Debug|Any CPU = Debug|Any CPU
		Release|Any CPU = Release|Any CPU
	EndGlobalSection
	GlobalSection(ProjectConfigurationPlatforms) = postSolution
		{5D173AFB-35AF-4367-B2DA-3FE70CBFFD5B}.Debug|Any CPU.ActiveCfg = Debug|Any CPU
		{5D173AFB-35AF-4367-B2DA-3FE70CBFFD5B}.Debug|Any CPU.Build.0 = Debug|Any CPU
		{5D173AFB-35AF-4367-B2DA-3FE70CBFFD5B}.Release|Any CPU.ActiveCfg = Release|Any CPU
		{5D173AFB-35AF-4367-B2DA-3FE70CBFFD5B}.Release|Any CPU.Build.0 = Release|Any CPU
		{6C0CD9D0-6D8A-4446-B36A-5874149BE772}.Debug|Any CPU.ActiveCfg = Debug|Any CPU
		{6C0CD9D0-6D8A-4446-B36A-5874149BE772}.Debug|Any CPU.Build.0 = Debug|Any CPU
		{6C0CD9D0-6D8A-4446-B36A-5874149BE772}.Release|Any CPU.ActiveCfg = Release|Any CPU
		{6C0CD9D0-6D8A-4446-B36A-5874149BE772}.Release|Any CPU.Build.0 = Release|Any CPU
	EndGlobalSection
	GlobalSection(SolutionProperties) = preSolution
		HideSolutionNode = FALSE
	EndGlobalSection
	GlobalSection(ExtensibilityGlobals) = postSolution
		SolutionGuid = {96999FC6-895A-4675-820B-57B60CF33062}
	EndGlobalSection
EndGlobal
